
Microsoft Visual Studio Solution File, Format Version 12.00
# Visual Studio Version 16
VisualStudioVersion = 16.0.30114.105
MinimumVisualStudioVersion = 10.0.40219.1
Project("{FAE04EC0-301F-11D3-BF4B-00C04F79EFBC}") = "FullDev.Business", "FullDev.Business\FullDev.Business.csproj", "{49597C3F-0C41-400C-8F69-48D4E45AFFFC}"
EndProject
Project("{FAE04EC0-301F-11D3-BF4B-00C04F79EFBC}") = "FullDev.Data", "FullDev.Data\FullDev.Data.csproj", "{B2B8E74B-0FE4-4431-8256-B38210BE729C}"
EndProject
Project("{FAE04EC0-301F-11D3-BF4B-00C04F79EFBC}") = "FullDev.WebApp", "FullDev.WebApp\FullDev.WebApp.csproj", "{BC8D900E-45BF-43B6-9151-9203C5071EDF}"
EndProject
Global
	GlobalSection(SolutionConfigurationPlatforms) = preSolution
		Debug|Any CPU = Debug|Any CPU
		Release|Any CPU = Release|Any CPU
	EndGlobalSection
	GlobalSection(SolutionProperties) = preSolution
		HideSolutionNode = FALSE
	EndGlobalSection
	GlobalSection(ProjectConfigurationPlatforms) = postSolution
		{49597C3F-0C41-400C-8F69-48D4E45AFFFC}.Debug|Any CPU.ActiveCfg = Debug|Any CPU
		{49597C3F-0C41-400C-8F69-48D4E45AFFFC}.Debug|Any CPU.Build.0 = Debug|Any CPU
		{49597C3F-0C41-400C-8F69-48D4E45AFFFC}.Release|Any CPU.ActiveCfg = Release|Any CPU
		{49597C3F-0C41-400C-8F69-48D4E45AFFFC}.Release|Any CPU.Build.0 = Release|Any CPU
		{B2B8E74B-0FE4-4431-8256-B38210BE729C}.Debug|Any CPU.ActiveCfg = Debug|Any CPU
		{B2B8E74B-0FE4-4431-8256-B38210BE729C}.Debug|Any CPU.Build.0 = Debug|Any CPU
		{B2B8E74B-0FE4-4431-8256-B38210BE729C}.Release|Any CPU.ActiveCfg = Release|Any CPU
		{B2B8E74B-0FE4-4431-8256-B38210BE729C}.Release|Any CPU.Build.0 = Release|Any CPU
		{BC8D900E-45BF-43B6-9151-9203C5071EDF}.Debug|Any CPU.ActiveCfg = Debug|Any CPU
		{BC8D900E-45BF-43B6-9151-9203C5071EDF}.Debug|Any CPU.Build.0 = Debug|Any CPU
		{BC8D900E-45BF-43B6-9151-9203C5071EDF}.Release|Any CPU.ActiveCfg = Release|Any CPU
		{BC8D900E-45BF-43B6-9151-9203C5071EDF}.Release|Any CPU.Build.0 = Release|Any CPU
	EndGlobalSection
EndGlobal
